
Microsoft Visual Studio Solution File, Format Version 12.00
# Visual Studio 15
VisualStudioVersion = 15.0.28307.168
MinimumVisualStudioVersion = 10.0.40219.1
Project("{FAE04EC0-301F-11D3-BF4B-00C04F79EFBC}") = "MaintainAccounts", "MaintainAccounts.csproj", "{3863D154-4BA7-468A-B697-A3C473D7B4D3}"
EndProject
Global
	GlobalSection(SolutionConfigurationPlatforms) = preSolution
		Debug|Any CPU = Debug|Any CPU
		Release|Any CPU = Release|Any CPU
	EndGlobalSection
	GlobalSection(ProjectConfigurationPlatforms) = postSolution
		{3863D154-4BA7-468A-B697-A3C473D7B4D3}.Debug|Any CPU.ActiveCfg = Debug|Any CPU
		{3863D154-4BA7-468A-B697-A3C473D7B4D3}.Debug|Any CPU.Build.0 = Debug|Any CPU
		{3863D154-4BA7-468A-B697-A3C473D7B4D3}.Release|Any CPU.ActiveCfg = Release|Any CPU
		{3863D154-4BA7-468A-B697-A3C473D7B4D3}.Release|Any CPU.Build.0 = Release|Any CPU
	EndGlobalSection
	GlobalSection(SolutionProperties) = preSolution
		HideSolutionNode = FALSE
	EndGlobalSection
	GlobalSection(ExtensibilityGlobals) = postSolution
		SolutionGuid = {7CFC1D48-8C6E-432B-9A1D-FE7168F11306}
	EndGlobalSection
EndGlobal
